
Microsoft Visual Studio Solution File, Format Version 12.00
# Visual Studio Version 16
VisualStudioVersion = 16.0.31515.178
MinimumVisualStudioVersion = 10.0.40219.1
Project("{9A19103F-16F7-4668-BE54-9A1E7A4F7556}") = "MinComet.Api", "MinComet.Api\MinComet.Api.csproj", "{9A45296A-FDC7-449E-A80E-FF5E77CCB0A7}"
EndProject
Project("{9A19103F-16F7-4668-BE54-9A1E7A4F7556}") = "MinComet.Domain", "MinComet.Domain\MinComet.Domain.csproj", "{EA5DA4B2-149D-45D5-94D7-4753D4AA82A0}"
EndProject
Project("{9A19103F-16F7-4668-BE54-9A1E7A4F7556}") = "MinComet.EntityFrameworkCore", "MinComet.EntityFrameworkCore\MinComet.EntityFrameworkCore.csproj", "{F53A5B10-59BD-497D-8D1B-92F9B271E700}"
EndProject
Project("{9A19103F-16F7-4668-BE54-9A1E7A4F7556}") = "MinComet.CommonHelper", "MinComet.CommonHelper\MinComet.CommonHelper.csproj", "{C7E67F6E-DDE2-4FC3-BFAD-30A532B3D509}"
EndProject
Project("{FAE04EC0-301F-11D3-BF4B-00C04F79EFBC}") = "MinComet.Application", "MinComet.Application\MinComet.Application.csproj", "{800CFC86-7F53-4E99-83D1-23082F0333AA}"
EndProject
Global
	GlobalSection(SolutionConfigurationPlatforms) = preSolution
		Debug|Any CPU = Debug|Any CPU
		Release|Any CPU = Release|Any CPU
	EndGlobalSection
	GlobalSection(ProjectConfigurationPlatforms) = postSolution
		{9A45296A-FDC7-449E-A80E-FF5E77CCB0A7}.Debug|Any CPU.ActiveCfg = Debug|Any CPU
		{9A45296A-FDC7-449E-A80E-FF5E77CCB0A7}.Debug|Any CPU.Build.0 = Debug|Any CPU
		{9A45296A-FDC7-449E-A80E-FF5E77CCB0A7}.Release|Any CPU.ActiveCfg = Release|Any CPU
		{9A45296A-FDC7-449E-A80E-FF5E77CCB0A7}.Release|Any CPU.Build.0 = Release|Any CPU
		{EA5DA4B2-149D-45D5-94D7-4753D4AA82A0}.Debug|Any CPU.ActiveCfg = Debug|Any CPU
		{EA5DA4B2-149D-45D5-94D7-4753D4AA82A0}.Debug|Any CPU.Build.0 = Debug|Any CPU
		{EA5DA4B2-149D-45D5-94D7-4753D4AA82A0}.Release|Any CPU.ActiveCfg = Release|Any CPU
		{EA5DA4B2-149D-45D5-94D7-4753D4AA82A0}.Release|Any CPU.Build.0 = Release|Any CPU
		{F53A5B10-59BD-497D-8D1B-92F9B271E700}.Debug|Any CPU.ActiveCfg = Debug|Any CPU
		{F53A5B10-59BD-497D-8D1B-92F9B271E700}.Debug|Any CPU.Build.0 = Debug|Any CPU
		{F53A5B10-59BD-497D-8D1B-92F9B271E700}.Release|Any CPU.ActiveCfg = Release|Any CPU
		{F53A5B10-59BD-497D-8D1B-92F9B271E700}.Release|Any CPU.Build.0 = Release|Any CPU
		{C7E67F6E-DDE2-4FC3-BFAD-30A532B3D509}.Debug|Any CPU.ActiveCfg = Debug|Any CPU
		{C7E67F6E-DDE2-4FC3-BFAD-30A532B3D509}.Debug|Any CPU.Build.0 = Debug|Any CPU
		{C7E67F6E-DDE2-4FC3-BFAD-30A532B3D509}.Release|Any CPU.ActiveCfg = Release|Any CPU
		{C7E67F6E-DDE2-4FC3-BFAD-30A532B3D509}.Release|Any CPU.Build.0 = Release|Any CPU
		{800CFC86-7F53-4E99-83D1-23082F0333AA}.Debug|Any CPU.ActiveCfg = Debug|Any CPU
		{800CFC86-7F53-4E99-83D1-23082F0333AA}.Debug|Any CPU.Build.0 = Debug|Any CPU
		{800CFC86-7F53-4E99-83D1-23082F0333AA}.Release|Any CPU.ActiveCfg = Release|Any CPU
		{800CFC86-7F53-4E99-83D1-23082F0333AA}.Release|Any CPU.Build.0 = Release|Any CPU
	EndGlobalSection
	GlobalSection(SolutionProperties) = preSolution
		HideSolutionNode = FALSE
	EndGlobalSection
	GlobalSection(ExtensibilityGlobals) = postSolution
		SolutionGuid = {F5B8875C-805B-42AA-BB11-E065A8DC2541}
	EndGlobalSection
EndGlobal
